
Microsoft Visual Studio Solution File, Format Version 12.00
# Visual Studio Version 17
VisualStudioVersion = 17.8.34316.72
MinimumVisualStudioVersion = 10.0.40219.1
Project("{FAE04EC0-301F-11D3-BF4B-00C04F79EFBC}") = "MenuSystem", "MenuSystem.csproj", "{120FCDCB-ABCB-4646-AF2A-C9A9D4B4BA70}"
EndProject
Global
	GlobalSection(SolutionConfigurationPlatforms) = preSolution
		Debug|Any CPU = Debug|Any CPU
		Release|Any CPU = Release|Any CPU
	EndGlobalSection
	GlobalSection(ProjectConfigurationPlatforms) = postSolution
		{120FCDCB-ABCB-4646-AF2A-C9A9D4B4BA70}.Debug|Any CPU.ActiveCfg = Debug|Any CPU
		{120FCDCB-ABCB-4646-AF2A-C9A9D4B4BA70}.Debug|Any CPU.Build.0 = Debug|Any CPU
		{120FCDCB-ABCB-4646-AF2A-C9A9D4B4BA70}.Release|Any CPU.ActiveCfg = Release|Any CPU
		{120FCDCB-ABCB-4646-AF2A-C9A9D4B4BA70}.Release|Any CPU.Build.0 = Release|Any CPU
	EndGlobalSection
	GlobalSection(SolutionProperties) = preSolution
		HideSolutionNode = FALSE
	EndGlobalSection
	GlobalSection(ExtensibilityGlobals) = postSolution
		SolutionGuid = {8AD9AB6D-666C-448D-8CD1-291A87E2CD65}
	EndGlobalSection
EndGlobal
